
Microsoft Visual Studio Solution File, Format Version 12.00
# Visual Studio Version 17
VisualStudioVersion = 17.11.35219.272
MinimumVisualStudioVersion = 10.0.40219.1
Project("{9A19103F-16F7-4668-BE54-9A1E7A4F7556}") = "WordReversalApp", "WordReversalApp.csproj", "{7258A754-26CB-44A5-B868-A3DBB631E36D}"
EndProject
Project("{FAE04EC0-301F-11D3-BF4B-00C04F79EFBC}") = "WordReversalApp.Tests", "WordReversalApp.Tests\WordReversalApp.Tests.csproj", "{53E1B740-AFEE-454F-8047-C06586B928E7}"
EndProject
Global
	GlobalSection(SolutionConfigurationPlatforms) = preSolution
		Debug|Any CPU = Debug|Any CPU
		Release|Any CPU = Release|Any CPU
	EndGlobalSection
	GlobalSection(ProjectConfigurationPlatforms) = postSolution
		{7258A754-26CB-44A5-B868-A3DBB631E36D}.Debug|Any CPU.ActiveCfg = Debug|Any CPU
		{7258A754-26CB-44A5-B868-A3DBB631E36D}.Debug|Any CPU.Build.0 = Debug|Any CPU
		{7258A754-26CB-44A5-B868-A3DBB631E36D}.Release|Any CPU.ActiveCfg = Release|Any CPU
		{7258A754-26CB-44A5-B868-A3DBB631E36D}.Release|Any CPU.Build.0 = Release|Any CPU
		{53E1B740-AFEE-454F-8047-C06586B928E7}.Debug|Any CPU.ActiveCfg = Debug|Any CPU
		{53E1B740-AFEE-454F-8047-C06586B928E7}.Debug|Any CPU.Build.0 = Debug|Any CPU
		{53E1B740-AFEE-454F-8047-C06586B928E7}.Release|Any CPU.ActiveCfg = Release|Any CPU
		{53E1B740-AFEE-454F-8047-C06586B928E7}.Release|Any CPU.Build.0 = Release|Any CPU
	EndGlobalSection
	GlobalSection(SolutionProperties) = preSolution
		HideSolutionNode = FALSE
	EndGlobalSection
	GlobalSection(ExtensibilityGlobals) = postSolution
		SolutionGuid = {22071500-5B0F-4ED3-8280-5AD3D9D8B90D}
	EndGlobalSection
EndGlobal
